
Microsoft Visual Studio Solution File, Format Version 12.00
# Visual Studio Version 17
VisualStudioVersion = 17.5.33530.505
MinimumVisualStudioVersion = 10.0.40219.1
Project("{FAE04EC0-301F-11D3-BF4B-00C04F79EFBC}") = "Connect4_house", "Connect4_house\Connect4_house.csproj", "{AD7AACD0-15B2-4A02-89C8-4A2F766FD8A1}"
EndProject
Global
	GlobalSection(SolutionConfigurationPlatforms) = preSolution
		Debug|Any CPU = Debug|Any CPU
		Release|Any CPU = Release|Any CPU
	EndGlobalSection
	GlobalSection(ProjectConfigurationPlatforms) = postSolution
		{AD7AACD0-15B2-4A02-89C8-4A2F766FD8A1}.Debug|Any CPU.ActiveCfg = Debug|Any CPU
		{AD7AACD0-15B2-4A02-89C8-4A2F766FD8A1}.Debug|Any CPU.Build.0 = Debug|Any CPU
		{AD7AACD0-15B2-4A02-89C8-4A2F766FD8A1}.Release|Any CPU.ActiveCfg = Release|Any CPU
		{AD7AACD0-15B2-4A02-89C8-4A2F766FD8A1}.Release|Any CPU.Build.0 = Release|Any CPU
	EndGlobalSection
	GlobalSection(SolutionProperties) = preSolution
		HideSolutionNode = FALSE
	EndGlobalSection
	GlobalSection(ExtensibilityGlobals) = postSolution
		SolutionGuid = {46E5B7C8-FA49-49A9-98D0-6F3DA51BF7E8}
	EndGlobalSection
EndGlobal
